{"format_version":"0.1","terraform_version":"0.14.4","planned_values":{"root_module":{"resources":[{"address":"aws_instance.amazon_linux","mode":"managed","type":"aws_instance","name":"amazon_linux","provider_name":"registry.terraform.io/hashicorp/aws","schema_version":1,"values":{"ami":"ami-01f5a0b78d6089704","credit_specification":[],"get_password_data":false,"hibernation":null,"instance_type":"t2.micro","launch_template":[],"source_dest_check":true,"tags":{"Name":"AmazonLinux-Instance"},"tags_all":{"Name":"AmazonLinux-Instance"},"timeouts":null,"user_data_replace_on_change":false,"volume_tags":null}},{"address":"aws_instance.ubuntu","mode":"managed","type":"aws_instance","name":"ubuntu","provider_name":"registry.terraform.io/hashicorp/aws","schema_version":1,"values":{"ami":"ami-0a25f237e97fa2b5e","credit_specification":[],"get_password_data":false,"hibernation":null,"instance_type":"t2.micro","launch_template":[],"source_dest_check":true,"tags":{"Name":"Ubuntu-Instance"},"tags_all":{"Name":"Ubuntu-Instance"},"timeouts":null,"user_data_replace_on_change":false,"volume_tags":null}}]}},"resource_changes":[{"address":"aws_instance.amazon_linux","mode":"managed","type":"aws_instance","name":"amazon_linux","provider_name":"registry.terraform.io/hashicorp/aws","change":{"actions":["create"],"before":null,"after":{"ami":"ami-01f5a0b78d6089704","credit_specification":[],"get_password_data":false,"hibernation":null,"instance_type":"t2.micro","launch_template":[],"source_dest_check":true,"tags":{"Name":"AmazonLinux-Instance"},"tags_all":{"Name":"AmazonLinux-Instance"},"timeouts":null,"user_data_replace_on_change":false,"volume_tags":null},"after_unknown":{"arn":true,"associate_public_ip_address":true,"availability_zone":true,"capacity_reservation_specification":true,"cpu_core_count":true,"cpu_options":true,"cpu_threads_per_core":true,"credit_specification":[],"disable_api_stop":true,"disable_api_termination":true,"ebs_block_device":true,"ebs_optimized":true,"enable_primary_ipv6":true,"enclave_options":true,"ephemeral_block_device":true,"host_id":true,"host_resource_group_arn":true,"iam_instance_profile":true,"id":true,"instance_initiated_shutdown_behavior":true,"instance_lifecycle":true,"instance_market_options":true,"instance_state":true,"ipv6_address_count":true,"ipv6_addresses":true,"key_name":true,"launch_template":[],"maintenance_options":true,"metadata_options":true,"monitoring":true,"network_interface":true,"outpost_arn":true,"password_data":true,"placement_group":true,"placement_partition_number":true,"primary_network_interface_id":true,"private_dns":true,"private_dns_name_options":true,"private_ip":true,"public_dns":true,"public_ip":true,"root_block_device":true,"secondary_private_ips":true,"security_groups":true,"spot_instance_request_id":true,"subnet_id":true,"tags":{},"tags_all":{},"tenancy":true,"user_data":true,"user_data_base64":true,"vpc_security_group_ids":true}}},{"address":"aws_instance.ubuntu","mode":"managed","type":"aws_instance","name":"ubuntu","provider_name":"registry.terraform.io/hashicorp/aws","change":{"actions":["create"],"before":null,"after":{"ami":"ami-0a25f237e97fa2b5e","credit_specification":[],"get_password_data":false,"hibernation":null,"instance_type":"t2.micro","launch_template":[],"source_dest_check":true,"tags":{"Name":"Ubuntu-Instance"},"tags_all":{"Name":"Ubuntu-Instance"},"timeouts":null,"user_data_replace_on_change":false,"volume_tags":null},"after_unknown":{"arn":true,"associate_public_ip_address":true,"availability_zone":true,"capacity_reservation_specification":true,"cpu_core_count":true,"cpu_options":true,"cpu_threads_per_core":true,"credit_specification":[],"disable_api_stop":true,"disable_api_termination":true,"ebs_block_device":true,"ebs_optimized":true,"enable_primary_ipv6":true,"enclave_options":true,"ephemeral_block_device":true,"host_id":true,"host_resource_group_arn":true,"iam_instance_profile":true,"id":true,"instance_initiated_shutdown_behavior":true,"instance_lifecycle":true,"instance_market_options":true,"instance_state":true,"ipv6_address_count":true,"ipv6_addresses":true,"key_name":true,"launch_template":[],"maintenance_options":true,"metadata_options":true,"monitoring":true,"network_interface":true,"outpost_arn":true,"password_data":true,"placement_group":true,"placement_partition_number":true,"primary_network_interface_id":true,"private_dns":true,"private_dns_name_options":true,"private_ip":true,"public_dns":true,"public_ip":true,"root_block_device":true,"secondary_private_ips":true,"security_groups":true,"spot_instance_request_id":true,"subnet_id":true,"tags":{},"tags_all":{},"tenancy":true,"user_data":true,"user_data_base64":true,"vpc_security_group_ids":true}}}],"prior_state":{"format_version":"0.1","terraform_version":"0.14.4","values":{"root_module":{"resources":[{"address":"data.aws_ami.amazon_linux","mode":"data","type":"aws_ami","name":"amazon_linux","provider_name":"registry.terraform.io/hashicorp/aws","schema_version":0,"values":{"architecture":"x86_64","arn":"arn:aws:ec2:us-east-1::image/ami-01f5a0b78d6089704","block_device_mappings":[{"device_name":"/dev/xvda","ebs":{"delete_on_termination":"true","encrypted":"false","iops":"0","snapshot_id":"snap-0d7e5f888fca4aaa6","throughput":"0","volume_size":"8","volume_type":"gp2"},"no_device":"","virtual_name":""}],"boot_mode":"","creation_date":"2025-03-05T01:36:07.000Z","deprecation_time":"2025-07-01T00:00:00.000Z","description":"Amazon Linux 2 AMI 2.0.20250305.0 x86_64 HVM gp2","ena_support":true,"executable_users":null,"filter":[{"name":"name","values":["amzn2-ami-hvm-*-x86_64-gp2"]}],"hypervisor":"xen","id":"ami-01f5a0b78d6089704","image_id":"ami-01f5a0b78d6089704","image_location":"amazon/amzn2-ami-hvm-2.0.20250305.0-x86_64-gp2","image_owner_alias":"amazon","image_type":"machine","imds_support":"","include_deprecated":false,"kernel_id":"","most_recent":true,"name":"amzn2-ami-hvm-2.0.20250305.0-x86_64-gp2","name_regex":null,"owner_id":"137112412989","owners":["137112412989"],"platform":"","platform_details":"Linux/UNIX","product_codes":[],"public":true,"ramdisk_id":"","root_device_name":"/dev/xvda","root_device_type":"ebs","root_snapshot_id":"snap-0d7e5f888fca4aaa6","sriov_net_support":"simple","state":"available","state_reason":{"code":"UNSET","message":"UNSET"},"tags":{},"timeouts":null,"tpm_support":"","uefi_data":null,"usage_operation":"RunInstances","virtualization_type":"hvm"}},{"address":"data.aws_ami.ubuntu","mode":"data","type":"aws_ami","name":"ubuntu","provider_name":"registry.terraform.io/hashicorp/aws","schema_version":0,"values":{"architecture":"x86_64","arn":"arn:aws:ec2:us-east-1::image/ami-0a25f237e97fa2b5e","block_device_mappings":[{"device_name":"/dev/sda1","ebs":{"delete_on_termination":"true","encrypted":"false","iops":"0","snapshot_id":"snap-02da069d189b463ba","throughput":"0","volume_size":"8","volume_type":"gp2"},"no_device":"","virtual_name":""},{"device_name":"/dev/sdb","ebs":{},"no_device":"","virtual_name":"ephemeral0"},{"device_name":"/dev/sdc","ebs":{},"no_device":"","virtual_name":"ephemeral1"}],"boot_mode":"legacy-bios","creation_date":"2025-03-12T22:22:40.000Z","deprecation_time":"2027-03-12T22:22:40.000Z","description":"Canonical, Ubuntu, 20.04, amd64 focal image","ena_support":true,"executable_users":null,"filter":[{"name":"name","values":["ubuntu/images/hvm-ssd/ubuntu-*-amd64-server-*"]}],"hypervisor":"xen","id":"ami-0a25f237e97fa2b5e","image_id":"ami-0a25f237e97fa2b5e","image_location":"amazon/ubuntu/images/hvm-ssd/ubuntu-focal-20.04-amd64-server-20250312","image_owner_alias":"amazon","image_type":"machine","imds_support":"","include_deprecated":false,"kernel_id":"","most_recent":true,"name":"ubuntu/images/hvm-ssd/ubuntu-focal-20.04-amd64-server-20250312","name_regex":null,"owner_id":"099720109477","owners":["099720109477"],"platform":"","platform_details":"Linux/UNIX","product_codes":[],"public":true,"ramdisk_id":"","root_device_name":"/dev/sda1","root_device_type":"ebs","root_snapshot_id":"snap-02da069d189b463ba","sriov_net_support":"simple","state":"available","state_reason":{"code":"UNSET","message":"UNSET"},"tags":{},"timeouts":null,"tpm_support":"","uefi_data":null,"usage_operation":"RunInstances","virtualization_type":"hvm"}}]}}},"configuration":{"provider_config":{"aws":{"name":"aws","expressions":{"region":{"constant_value":"us-east-1"}}}},"root_module":{"resources":[{"address":"aws_instance.amazon_linux","mode":"managed","type":"aws_instance","name":"amazon_linux","provider_config_key":"aws","expressions":{"ami":{"references":["data.aws_ami.amazon_linux"]},"instance_type":{"constant_value":"t2.micro"},"tags":{"constant_value":{"Name":"AmazonLinux-Instance"}}},"schema_version":1},{"address":"aws_instance.ubuntu","mode":"managed","type":"aws_instance","name":"ubuntu","provider_config_key":"aws","expressions":{"ami":{"references":["data.aws_ami.ubuntu"]},"instance_type":{"constant_value":"t2.micro"},"tags":{"constant_value":{"Name":"Ubuntu-Instance"}}},"schema_version":1},{"address":"data.aws_ami.amazon_linux","mode":"data","type":"aws_ami","name":"amazon_linux","provider_config_key":"aws","expressions":{"filter":[{"name":{"constant_value":"name"},"values":{"constant_value":["amzn2-ami-hvm-*-x86_64-gp2"]}}],"most_recent":{"constant_value":true},"owners":{"constant_value":["137112412989"]}},"schema_version":0},{"address":"data.aws_ami.ubuntu","mode":"data","type":"aws_ami","name":"ubuntu","provider_config_key":"aws","expressions":{"filter":[{"name":{"constant_value":"name"},"values":{"constant_value":["ubuntu/images/hvm-ssd/ubuntu-*-amd64-server-*"]}}],"most_recent":{"constant_value":true},"owners":{"constant_value":["099720109477"]}},"schema_version":0}]}}}
