{"format_version":"0.1","terraform_version":"0.14.4","planned_values":{"root_module":{"resources":[{"address":"aws_instance.amazon_linux_instance","mode":"managed","type":"aws_instance","name":"amazon_linux_instance","provider_name":"registry.terraform.io/hashicorp/aws","schema_version":1,"values":{"ami":"ami-08b5b3a93ed654d19","credit_specification":[],"get_password_data":false,"hibernation":null,"instance_type":"t2.micro","launch_template":[],"source_dest_check":true,"tags":{"Name":"AmazonLinux-Instance"},"tags_all":{"Name":"AmazonLinux-Instance"},"timeouts":null,"user_data_replace_on_change":false,"volume_tags":null}},{"address":"aws_instance.ubuntu_instance","mode":"managed","type":"aws_instance","name":"ubuntu_instance","provider_name":"registry.terraform.io/hashicorp/aws","schema_version":1,"values":{"ami":"ami-084568db4383264d4","credit_specification":[],"get_password_data":false,"hibernation":null,"instance_type":"t2.micro","launch_template":[],"source_dest_check":true,"tags":{"Name":"Ubuntu-Instance"},"tags_all":{"Name":"Ubuntu-Instance"},"timeouts":null,"user_data_replace_on_change":false,"volume_tags":null}}]}},"resource_changes":[{"address":"aws_instance.amazon_linux_instance","mode":"managed","type":"aws_instance","name":"amazon_linux_instance","provider_name":"registry.terraform.io/hashicorp/aws","change":{"actions":["create"],"before":null,"after":{"ami":"ami-08b5b3a93ed654d19","credit_specification":[],"get_password_data":false,"hibernation":null,"instance_type":"t2.micro","launch_template":[],"source_dest_check":true,"tags":{"Name":"AmazonLinux-Instance"},"tags_all":{"Name":"AmazonLinux-Instance"},"timeouts":null,"user_data_replace_on_change":false,"volume_tags":null},"after_unknown":{"arn":true,"associate_public_ip_address":true,"availability_zone":true,"capacity_reservation_specification":true,"cpu_core_count":true,"cpu_options":true,"cpu_threads_per_core":true,"credit_specification":[],"disable_api_stop":true,"disable_api_termination":true,"ebs_block_device":true,"ebs_optimized":true,"enable_primary_ipv6":true,"enclave_options":true,"ephemeral_block_device":true,"host_id":true,"host_resource_group_arn":true,"iam_instance_profile":true,"id":true,"instance_initiated_shutdown_behavior":true,"instance_lifecycle":true,"instance_market_options":true,"instance_state":true,"ipv6_address_count":true,"ipv6_addresses":true,"key_name":true,"launch_template":[],"maintenance_options":true,"metadata_options":true,"monitoring":true,"network_interface":true,"outpost_arn":true,"password_data":true,"placement_group":true,"placement_partition_number":true,"primary_network_interface_id":true,"private_dns":true,"private_dns_name_options":true,"private_ip":true,"public_dns":true,"public_ip":true,"root_block_device":true,"secondary_private_ips":true,"security_groups":true,"spot_instance_request_id":true,"subnet_id":true,"tags":{},"tags_all":{},"tenancy":true,"user_data":true,"user_data_base64":true,"vpc_security_group_ids":true}}},{"address":"aws_instance.ubuntu_instance","mode":"managed","type":"aws_instance","name":"ubuntu_instance","provider_name":"registry.terraform.io/hashicorp/aws","change":{"actions":["create"],"before":null,"after":{"ami":"ami-084568db4383264d4","credit_specification":[],"get_password_data":false,"hibernation":null,"instance_type":"t2.micro","launch_template":[],"source_dest_check":true,"tags":{"Name":"Ubuntu-Instance"},"tags_all":{"Name":"Ubuntu-Instance"},"timeouts":null,"user_data_replace_on_change":false,"volume_tags":null},"after_unknown":{"arn":true,"associate_public_ip_address":true,"availability_zone":true,"capacity_reservation_specification":true,"cpu_core_count":true,"cpu_options":true,"cpu_threads_per_core":true,"credit_specification":[],"disable_api_stop":true,"disable_api_termination":true,"ebs_block_device":true,"ebs_optimized":true,"enable_primary_ipv6":true,"enclave_options":true,"ephemeral_block_device":true,"host_id":true,"host_resource_group_arn":true,"iam_instance_profile":true,"id":true,"instance_initiated_shutdown_behavior":true,"instance_lifecycle":true,"instance_market_options":true,"instance_state":true,"ipv6_address_count":true,"ipv6_addresses":true,"key_name":true,"launch_template":[],"maintenance_options":true,"metadata_options":true,"monitoring":true,"network_interface":true,"outpost_arn":true,"password_data":true,"placement_group":true,"placement_partition_number":true,"primary_network_interface_id":true,"private_dns":true,"private_dns_name_options":true,"private_ip":true,"public_dns":true,"public_ip":true,"root_block_device":true,"secondary_private_ips":true,"security_groups":true,"spot_instance_request_id":true,"subnet_id":true,"tags":{},"tags_all":{},"tenancy":true,"user_data":true,"user_data_base64":true,"vpc_security_group_ids":true}}}],"configuration":{"provider_config":{"aws":{"name":"aws","expressions":{"region":{"constant_value":"us-east-1"}}}},"root_module":{"resources":[{"address":"aws_instance.amazon_linux_instance","mode":"managed","type":"aws_instance","name":"amazon_linux_instance","provider_config_key":"aws","expressions":{"ami":{"constant_value":"ami-08b5b3a93ed654d19"},"instance_type":{"constant_value":"t2.micro"},"tags":{"constant_value":{"Name":"AmazonLinux-Instance"}}},"schema_version":1},{"address":"aws_instance.ubuntu_instance","mode":"managed","type":"aws_instance","name":"ubuntu_instance","provider_config_key":"aws","expressions":{"ami":{"constant_value":"ami-084568db4383264d4"},"instance_type":{"constant_value":"t2.micro"},"tags":{"constant_value":{"Name":"Ubuntu-Instance"}}},"schema_version":1}]}}}
